
Microsoft Visual Studio Solution File, Format Version 12.00
# Visual Studio Version 16
VisualStudioVersion = 16.0.32106.194
MinimumVisualStudioVersion = 10.0.40219.1
Project("{FAE04EC0-301F-11D3-BF4B-00C04F79EFBC}") = "Exercise 7 Mathematical operations square root", "Exercise 7 Mathematical operations square root\Exercise 7 Mathematical operations square root.csproj", "{D69A21A9-71DC-4440-B4B9-D60ED9162A03}"
EndProject
Global
	GlobalSection(SolutionConfigurationPlatforms) = preSolution
		Debug|Any CPU = Debug|Any CPU
		Release|Any CPU = Release|Any CPU
	EndGlobalSection
	GlobalSection(ProjectConfigurationPlatforms) = postSolution
		{D69A21A9-71DC-4440-B4B9-D60ED9162A03}.Debug|Any CPU.ActiveCfg = Debug|Any CPU
		{D69A21A9-71DC-4440-B4B9-D60ED9162A03}.Debug|Any CPU.Build.0 = Debug|Any CPU
		{D69A21A9-71DC-4440-B4B9-D60ED9162A03}.Release|Any CPU.ActiveCfg = Release|Any CPU
		{D69A21A9-71DC-4440-B4B9-D60ED9162A03}.Release|Any CPU.Build.0 = Release|Any CPU
	EndGlobalSection
	GlobalSection(SolutionProperties) = preSolution
		HideSolutionNode = FALSE
	EndGlobalSection
	GlobalSection(ExtensibilityGlobals) = postSolution
		SolutionGuid = {EBD7651C-170F-4044-92AC-67158ADCBB59}
	EndGlobalSection
EndGlobal
